
Microsoft Visual Studio Solution File, Format Version 12.00
# Visual Studio Version 16
VisualStudioVersion = 25.0.1703.7
MinimumVisualStudioVersion = 10.0.40219.1
Project("{FAE04EC0-301F-11D3-BF4B-00C04F79EFBC}") = "matrix1", "matrix1\matrix1.csproj", "{C77B53A8-F137-42C1-845B-26C7485E65CF}"
EndProject
Global
	GlobalSection(SolutionConfigurationPlatforms) = preSolution
		Debug|Any CPU = Debug|Any CPU
		Release|Any CPU = Release|Any CPU
	EndGlobalSection
	GlobalSection(ProjectConfigurationPlatforms) = postSolution
		{C77B53A8-F137-42C1-845B-26C7485E65CF}.Debug|Any CPU.ActiveCfg = Debug|Any CPU
		{C77B53A8-F137-42C1-845B-26C7485E65CF}.Debug|Any CPU.Build.0 = Debug|Any CPU
		{C77B53A8-F137-42C1-845B-26C7485E65CF}.Release|Any CPU.ActiveCfg = Release|Any CPU
		{C77B53A8-F137-42C1-845B-26C7485E65CF}.Release|Any CPU.Build.0 = Release|Any CPU
	EndGlobalSection
	GlobalSection(SolutionProperties) = preSolution
		HideSolutionNode = FALSE
	EndGlobalSection
	GlobalSection(ExtensibilityGlobals) = postSolution
		SolutionGuid = {02DF5533-ECA9-438A-AEEE-7C73D58616E2}
	EndGlobalSection
EndGlobal
